Microsoft Visual Studio Solution File, Format Version 12.00
# Visual Studio Version 17
VisualStudioVersion = 17.4.33403.182
MinimumVisualStudioVersion = 10.0.40219.1
Project("{FAE04EC0-301F-11D3-BF4B-00C04F79EFBC}") = "OOPS", "src\OOPS\OOPS.csproj", "{E437A0CA-9B22-7DE3-015C-23075F2A1369}"
EndProject
Project("{FAE04EC0-301F-11D3-BF4B-00C04F79EFBC}") = "ContactManager", "src\ContactManager\ContactManager.csproj", "{C447C2B8-4C00-881A-1603-B24ED0CF770A}"
EndProject
Project("{FAE04EC0-301F-11D3-BF4B-00C04F79EFBC}") = "ExpenseTracker", "src\ExpenseTracker\ExpenseTracker.csproj", "{EF12D631-1681-5BA0-9C6F-B5F1FCB5D47F}"
EndProject
Project("{2150E333-8FDC-42A3-9474-1A3956D46DE8}") = "tests", "tests", "{06861454-9561-492A-9F93-A33B6F7AE3AB}"
EndProject
Project("{2150E333-8FDC-42A3-9474-1A3956D46DE8}") = "unit", "unit", "{C778E127-C02C-4A37-8E85-3D86DCC063DC}"
EndProject
Project("{2150E333-8FDC-42A3-9474-1A3956D46DE8}") = "acceptance", "acceptance", "{93EBAE55-A8BA-40FF-93AA-7D9E4359B6B9}"
EndProject
Project("{FAE04EC0-301F-11D3-BF4B-00C04F79EFBC}") = "InventoryManager", "src\InventoryManager\InventoryManager.csproj", "{C0A71683-0DEA-8327-01E8-E8DDDB2D8100}"
EndProject
Project("{FAE04EC0-301F-11D3-BF4B-00C04F79EFBC}") = "LINQ", "src\LINQ\LINQ.csproj", "{C17AAFFA-8B2A-4F24-804B-9569981B8016}"
EndProject
Project("{FAE04EC0-301F-11D3-BF4B-00C04F79EFBC}") = "ErrorHandling", "src\ErrorHandling\ErrorHandling.csproj", "{4DDC4D05-9E05-8E46-3F45-589A30F32A79}"
EndProject
Project("{2150E333-8FDC-42A3-9474-1A3956D46DE8}") = "MemoryManagement", "MemoryManagement", "{02EA681E-C7D8-13C7-8484-4AC65E1B71E8}"
EndProject
Project("{FAE04EC0-301F-11D3-BF4B-00C04F79EFBC}") = "GarbageCollection", "src\MemoryManagement\GarbageCollection\GarbageCollection.csproj", "{D6F29AFE-23F9-4EEA-5962-E833D77DDBF4}"
EndProject
Project("{FAE04EC0-301F-11D3-BF4B-00C04F79EFBC}") = "IDisposableDemo", "src\MemoryManagement\IDisposableDemo\IDisposableDemo.csproj", "{45ADCEDC-6535-31F3-E602-B59B404296F7}"
EndProject
Project("{FAE04EC0-301F-11D3-BF4B-00C04F79EFBC}") = "ValueAndReferenceTypes", "src\MemoryManagement\ValueAndReferenceTypes\ValueAndReferenceTypes.csproj", "{2836C813-9603-D467-36E0-D90FBA1C8CC0}"
EndProject
Project("{FAE04EC0-301F-11D3-BF4B-00C04F79EFBC}") = "Dotnet", "src\Dotnet\Dotnet.csproj", "{35FBDBA1-307C-D567-8853-D7A8448A1769}"
EndProject
Project("{FAE04EC0-301F-11D3-BF4B-00C04F79EFBC}") = "MemoryOptimization", "src\MemoryOptimization\MemoryOptimization.csproj", "{2E081DFF-D959-85DF-C06C-12648079071E}"
EndProject
Project("{FAE04EC0-301F-11D3-BF4B-00C04F79EFBC}") = "Reflections", "src\Reflections\Reflections.csproj", "{31150C35-392F-737E-9E2E-9360220D3E77}"
EndProject
Project("{FAE04EC0-301F-11D3-BF4B-00C04F79EFBC}") = "AssemblyMetdataInspector", "src\ReflectionsTasks\ReflectionTask1\AssemblyMetdataInspector.csproj", "{349EB9A4-B8F0-4CE1-A99C-7075F63B015D}"
EndProject
Project("{2150E333-8FDC-42A3-9474-1A3956D46DE8}") = "ReflectionsTasks", "ReflectionsTasks", "{86AF3D88-1B1B-4D46-A335-620BE5C2A979}"
EndProject
Project("{FAE04EC0-301F-11D3-BF4B-00C04F79EFBC}") = "AssemblyMetadataInspector", "src\ReflectionsTasks\AssemblyMetadataInspector\AssemblyMetadataInspector.csproj", "{EC764D69-AA5A-4FD5-B3A9-7F34520B64A3}"
EndProject
Global
	GlobalSection(SolutionConfigurationPlatforms) = preSolution
		Debug|Any CPU = Debug|Any CPU
		Release|Any CPU = Release|Any CPU
	EndGlobalSection
	GlobalSection(ProjectConfigurationPlatforms) = postSolution
		{E437A0CA-9B22-7DE3-015C-23075F2A1369}.Debug|Any CPU.ActiveCfg = Debug|Any CPU
		{E437A0CA-9B22-7DE3-015C-23075F2A1369}.Debug|Any CPU.Build.0 = Debug|Any CPU
		{E437A0CA-9B22-7DE3-015C-23075F2A1369}.Release|Any CPU.ActiveCfg = Release|Any CPU
		{E437A0CA-9B22-7DE3-015C-23075F2A1369}.Release|Any CPU.Build.0 = Release|Any CPU
		{C447C2B8-4C00-881A-1603-B24ED0CF770A}.Debug|Any CPU.ActiveCfg = Debug|Any CPU
		{C447C2B8-4C00-881A-1603-B24ED0CF770A}.Debug|Any CPU.Build.0 = Debug|Any CPU
		{C447C2B8-4C00-881A-1603-B24ED0CF770A}.Release|Any CPU.ActiveCfg = Release|Any CPU
		{C447C2B8-4C00-881A-1603-B24ED0CF770A}.Release|Any CPU.Build.0 = Release|Any CPU
		{EF12D631-1681-5BA0-9C6F-B5F1FCB5D47F}.Debug|Any CPU.ActiveCfg = Debug|Any CPU
		{EF12D631-1681-5BA0-9C6F-B5F1FCB5D47F}.Debug|Any CPU.Build.0 = Debug|Any CPU
		{EF12D631-1681-5BA0-9C6F-B5F1FCB5D47F}.Release|Any CPU.ActiveCfg = Release|Any CPU
		{EF12D631-1681-5BA0-9C6F-B5F1FCB5D47F}.Release|Any CPU.Build.0 = Release|Any CPU
		{C0A71683-0DEA-8327-01E8-E8DDDB2D8100}.Debug|Any CPU.ActiveCfg = Debug|Any CPU
		{C0A71683-0DEA-8327-01E8-E8DDDB2D8100}.Debug|Any CPU.Build.0 = Debug|Any CPU
		{C0A71683-0DEA-8327-01E8-E8DDDB2D8100}.Release|Any CPU.ActiveCfg = Release|Any CPU
		{C0A71683-0DEA-8327-01E8-E8DDDB2D8100}.Release|Any CPU.Build.0 = Release|Any CPU
		{C17AAFFA-8B2A-4F24-804B-9569981B8016}.Debug|Any CPU.ActiveCfg = Debug|Any CPU
		{C17AAFFA-8B2A-4F24-804B-9569981B8016}.Debug|Any CPU.Build.0 = Debug|Any CPU
		{C17AAFFA-8B2A-4F24-804B-9569981B8016}.Release|Any CPU.ActiveCfg = Release|Any CPU
		{C17AAFFA-8B2A-4F24-804B-9569981B8016}.Release|Any CPU.Build.0 = Release|Any CPU
		{4DDC4D05-9E05-8E46-3F45-589A30F32A79}.Debug|Any CPU.ActiveCfg = Debug|Any CPU
		{4DDC4D05-9E05-8E46-3F45-589A30F32A79}.Debug|Any CPU.Build.0 = Debug|Any CPU
		{4DDC4D05-9E05-8E46-3F45-589A30F32A79}.Release|Any CPU.ActiveCfg = Release|Any CPU
		{4DDC4D05-9E05-8E46-3F45-589A30F32A79}.Release|Any CPU.Build.0 = Release|Any CPU
		{D6F29AFE-23F9-4EEA-5962-E833D77DDBF4}.Debug|Any CPU.ActiveCfg = Debug|Any CPU
		{D6F29AFE-23F9-4EEA-5962-E833D77DDBF4}.Debug|Any CPU.Build.0 = Debug|Any CPU
		{D6F29AFE-23F9-4EEA-5962-E833D77DDBF4}.Release|Any CPU.ActiveCfg = Release|Any CPU
		{D6F29AFE-23F9-4EEA-5962-E833D77DDBF4}.Release|Any CPU.Build.0 = Release|Any CPU
		{45ADCEDC-6535-31F3-E602-B59B404296F7}.Debug|Any CPU.ActiveCfg = Debug|Any CPU
		{45ADCEDC-6535-31F3-E602-B59B404296F7}.Debug|Any CPU.Build.0 = Debug|Any CPU
		{45ADCEDC-6535-31F3-E602-B59B404296F7}.Release|Any CPU.ActiveCfg = Release|Any CPU
		{45ADCEDC-6535-31F3-E602-B59B404296F7}.Release|Any CPU.Build.0 = Release|Any CPU
		{2836C813-9603-D467-36E0-D90FBA1C8CC0}.Debug|Any CPU.ActiveCfg = Debug|Any CPU
		{2836C813-9603-D467-36E0-D90FBA1C8CC0}.Debug|Any CPU.Build.0 = Debug|Any CPU
		{2836C813-9603-D467-36E0-D90FBA1C8CC0}.Release|Any CPU.ActiveCfg = Release|Any CPU
		{2836C813-9603-D467-36E0-D90FBA1C8CC0}.Release|Any CPU.Build.0 = Release|Any CPU
		{35FBDBA1-307C-D567-8853-D7A8448A1769}.Debug|Any CPU.ActiveCfg = Debug|Any CPU
		{35FBDBA1-307C-D567-8853-D7A8448A1769}.Debug|Any CPU.Build.0 = Debug|Any CPU
		{35FBDBA1-307C-D567-8853-D7A8448A1769}.Release|Any CPU.ActiveCfg = Release|Any CPU
		{35FBDBA1-307C-D567-8853-D7A8448A1769}.Release|Any CPU.Build.0 = Release|Any CPU
		{2E081DFF-D959-85DF-C06C-12648079071E}.Debug|Any CPU.ActiveCfg = Debug|Any CPU
		{2E081DFF-D959-85DF-C06C-12648079071E}.Debug|Any CPU.Build.0 = Debug|Any CPU
		{2E081DFF-D959-85DF-C06C-12648079071E}.Release|Any CPU.ActiveCfg = Release|Any CPU
		{2E081DFF-D959-85DF-C06C-12648079071E}.Release|Any CPU.Build.0 = Release|Any CPU
		{31150C35-392F-737E-9E2E-9360220D3E77}.Debug|Any CPU.ActiveCfg = Debug|Any CPU
		{31150C35-392F-737E-9E2E-9360220D3E77}.Debug|Any CPU.Build.0 = Debug|Any CPU
		{31150C35-392F-737E-9E2E-9360220D3E77}.Release|Any CPU.ActiveCfg = Release|Any CPU
		{31150C35-392F-737E-9E2E-9360220D3E77}.Release|Any CPU.Build.0 = Release|Any CPU
		{349EB9A4-B8F0-4CE1-A99C-7075F63B015D}.Debug|Any CPU.ActiveCfg = Debug|Any CPU
		{349EB9A4-B8F0-4CE1-A99C-7075F63B015D}.Debug|Any CPU.Build.0 = Debug|Any CPU
		{349EB9A4-B8F0-4CE1-A99C-7075F63B015D}.Release|Any CPU.ActiveCfg = Release|Any CPU
		{349EB9A4-B8F0-4CE1-A99C-7075F63B015D}.Release|Any CPU.Build.0 = Release|Any CPU
		{EC764D69-AA5A-4FD5-B3A9-7F34520B64A3}.Debug|Any CPU.ActiveCfg = Debug|Any CPU
		{EC764D69-AA5A-4FD5-B3A9-7F34520B64A3}.Debug|Any CPU.Build.0 = Debug|Any CPU
		{EC764D69-AA5A-4FD5-B3A9-7F34520B64A3}.Release|Any CPU.ActiveCfg = Release|Any CPU
		{EC764D69-AA5A-4FD5-B3A9-7F34520B64A3}.Release|Any CPU.Build.0 = Release|Any CPU
	EndGlobalSection
	GlobalSection(SolutionProperties) = preSolution
		HideSolutionNode = FALSE
	EndGlobalSection
	GlobalSection(NestedProjects) = preSolution
		{D6F29AFE-23F9-4EEA-5962-E833D77DDBF4} = {02EA681E-C7D8-13C7-8484-4AC65E1B71E8}
		{45ADCEDC-6535-31F3-E602-B59B404296F7} = {02EA681E-C7D8-13C7-8484-4AC65E1B71E8}
		{2836C813-9603-D467-36E0-D90FBA1C8CC0} = {02EA681E-C7D8-13C7-8484-4AC65E1B71E8}
		{EC764D69-AA5A-4FD5-B3A9-7F34520B64A3} = {86AF3D88-1B1B-4D46-A335-620BE5C2A979}
	EndGlobalSection
	GlobalSection(ExtensibilityGlobals) = postSolution
		SolutionGuid = {D4CECB66-8E11-49D9-AA1E-464EE0231450}
	EndGlobalSection
EndGlobal
